{
  "requires": true,
  "lockfileVersion": 1,
  "dependencies": {
    "@types/jquery": {
      "version": "3.3.29",
      "resolved": "https://registry.npmjs.org/@types/jquery/-/jquery-3.3.29.tgz",
      "integrity": "sha512-FhJvBninYD36v3k6c+bVk1DSZwh7B5Dpb/Pyk3HKVsiohn0nhbefZZ+3JXbWQhFyt0MxSl2jRDdGQPHeOHFXrQ==",
      "dev": true,
      "requires": {
        "@types/sizzle": "*"
      }
    },
    "@types/mithril": {
      "version": "1.1.16",
      "resolved": "https://registry.npmjs.org/@types/mithril/-/mithril-1.1.16.tgz",
      "integrity": "sha512-+HlRvSpKwXP8RXh1hrIcgSHQ/Fh+5O9nYfG7fgNN7PGr2K03G+hLoiA+HXzmUJCsQfPEuNiBQ+TwRl6n7kerSw=="
    },
    "@types/sizzle": {
      "version": "2.3.2",
      "resolved": "https://registry.npmjs.org/@types/sizzle/-/sizzle-2.3.2.tgz",
      "integrity": "sha512-7EJYyKTL7tFR8+gDbB6Wwz/arpGa0Mywk1TJbNzKzHtzbwVmY4HR9WqS5VV7dsBUKQmPNr192jHr/VpBluj/hg==",
      "dev": true
    },
    "bootstrap": {
      "version": "4.3.1",
      "resolved": "https://registry.npmjs.org/bootstrap/-/bootstrap-4.3.1.tgz",
      "integrity": "sha512-rXqOmH1VilAt2DyPzluTi2blhk17bO7ef+zLLPlWvG494pDxcM234pJ8wTc/6R40UWizAIIMgxjvxZg5kmsbag=="
    },
    "classnames": {
      "version": "2.2.6",
      "resolved": "https://registry.npmjs.org/classnames/-/classnames-2.2.6.tgz",
      "integrity": "sha512-JR/iSQOSt+LQIWwrwEzJ9uk0xfN3mTVYMwt1Ir5mUcSN6pU+V4zQFFaJsclJbPuAUQH+yfWef6tm7l1quW3C8Q=="
    },
    "construct-ui": {
      "version": "0.1.10",
      "resolved": "https://registry.npmjs.org/construct-ui/-/construct-ui-0.1.10.tgz",
      "integrity": "sha512-WVnnP2uECxSgcSp7cepJ7CiVg/EjlssCurpFXCIkEFdT1PdP8Om4wTA0SObE85loC0/3P7WMWWGgttL44F8+TQ==",
      "requires": {
        "classnames": "^2.2.6",
        "enquire.js": "^2.1.6",
        "feather-icons": "^4.19.0",
        "lodash.debounce": "^4.0.8",
        "mithril-transition-group": "^0.1.7",
        "popper.js": "^1.14.7",
        "tslib": "^1.9.3"
      }
    },
    "core-js": {
      "version": "2.6.5",
      "resolved": "https://registry.npmjs.org/core-js/-/core-js-2.6.5.tgz",
      "integrity": "sha512-klh/kDpwX8hryYL14M9w/xei6vrv6sE8gTHDG7/T/+SEovB/G4ejwcfE/CBzO6Edsu+OETZMZ3wcX/EjUkrl5A=="
    },
    "datatables.net": {
      "version": "1.10.19",
      "resolved": "https://registry.npmjs.org/datatables.net/-/datatables.net-1.10.19.tgz",
      "integrity": "sha512-+ljXcI6Pj3PTGy5pesp3E5Dr3x3AV45EZe0o1r0gKENN2gafBKXodVnk2ypKwl2tTmivjxbkiqoWnipTefyBTA==",
      "requires": {
        "jquery": ">=1.7"
      }
    },
    "element-class": {
      "version": "0.2.2",
      "resolved": "https://registry.npmjs.org/element-class/-/element-class-0.2.2.tgz",
      "integrity": "sha1-nTu9B2f5AT744cjr5yLBQCpgBQ4="
    },
    "enquire.js": {
      "version": "2.1.6",
      "resolved": "https://registry.npmjs.org/enquire.js/-/enquire.js-2.1.6.tgz",
      "integrity": "sha1-PoeAybi4NQhMP2DhZtvDwqPImBQ="
    },
    "feather-icons": {
      "version": "4.21.0",
      "resolved": "https://registry.npmjs.org/feather-icons/-/feather-icons-4.21.0.tgz",
      "integrity": "sha512-5RgyUH0J9NCRG5Z+aL8kJduMM4J6IAKlGqSrnkWW6rpY5jC9MyE0NkvgsKOmnedAZN2ORmdXTndPIHFWaMCf6w==",
      "requires": {
        "classnames": "^2.2.5",
        "core-js": "^2.5.3"
      }
    },
    "icons": {
      "version": "1.0.0",
      "resolved": "https://registry.npmjs.org/icons/-/icons-1.0.0.tgz",
      "integrity": "sha512-7POum3AHKovjEEXg4ITL2opTzGjnN2UnUIhv5LsUX+SjKBsFMjRyANShrCubt0KQdNdcX2wAym+JXOt6LceuYA=="
    },
    "inherits": {
      "version": "2.0.3",
      "resolved": "https://registry.npmjs.org/inherits/-/inherits-2.0.3.tgz",
      "integrity": "sha1-Yzwsg+PaQqUC9SRmAiSA9CCCYd4="
    },
    "jquery": {
      "version": "3.3.1",
      "resolved": "https://registry.npmjs.org/jquery/-/jquery-3.3.1.tgz",
      "integrity": "sha512-Ubldcmxp5np52/ENotGxlLe6aGMvmF4R8S6tZjsP6Knsaxd/xp3Zrh50cG93lR6nPXyUFwzN3ZSOQI0wRJNdGg=="
    },
    "konva": {
      "version": "3.2.3",
      "resolved": "https://registry.npmjs.org/konva/-/konva-3.2.3.tgz",
      "integrity": "sha512-/7tzp91LWB55A7vl9zjvQfqkoL0llhwK/Z1a3pxwxsjtxIRhCs1Z+FhGZ1wfmrz7arX7lHyRJML+FZrW8y5Iwg=="
    },
    "lodash.debounce": {
      "version": "4.0.8",
      "resolved": "https://registry.npmjs.org/lodash.debounce/-/lodash.debounce-4.0.8.tgz",
      "integrity": "sha1-gteb/zCmfEAF/9XiUVMArZyk168="
    },
    "mithril": {
      "version": "1.1.6",
      "resolved": "https://registry.npmjs.org/mithril/-/mithril-1.1.6.tgz",
      "integrity": "sha512-fWcUrQTCqu8M916rj1MFGlHaPh65rznPu6U/N2U9g81H89klDCIptSK5bnkNkC+jyi3sJIXjyGhSQjUnR8jzZA=="
    },
    "mithril-transition-group": {
      "version": "0.1.7",
      "resolved": "https://registry.npmjs.org/mithril-transition-group/-/mithril-transition-group-0.1.7.tgz",
      "integrity": "sha512-czckLLvNcjBLmUmJQJr8kt+AkmJG6wr5lU43MGoC53qvbc942Q8MCXbJkyKtqOpMqzfAnek7T3z35dumTdFmMw==",
      "requires": {
        "element-class": "^0.2.2"
      }
    },
    "path": {
      "version": "0.12.7",
      "resolved": "https://registry.npmjs.org/path/-/path-0.12.7.tgz",
      "integrity": "sha1-1NwqUGxM4hl+tIHr/NWzbAFAsQ8=",
      "requires": {
        "process": "^0.11.1",
        "util": "^0.10.3"
      }
    },
    "popper.js": {
      "version": "1.14.7",
      "resolved": "https://registry.npmjs.org/popper.js/-/popper.js-1.14.7.tgz",
      "integrity": "sha512-4q1hNvoUre/8srWsH7hnoSJ5xVmIL4qgz+s4qf2TnJIMyZFUFMGH+9vE7mXynAlHSZ/NdTmmow86muD0myUkVQ=="
    },
    "process": {
      "version": "0.11.10",
      "resolved": "https://registry.npmjs.org/process/-/process-0.11.10.tgz",
      "integrity": "sha1-czIwDoQBYb2j5podHZGn1LwW8YI="
    },
    "tslib": {
      "version": "1.9.3",
      "resolved": "https://registry.npmjs.org/tslib/-/tslib-1.9.3.tgz",
      "integrity": "sha512-4krF8scpejhaOgqzBEcGM7yDIEfi0/8+8zDRZhNZZ2kjmHJ4hv3zCbQWxoJGz1iw5U0Jl0nma13xzHXcncMavQ=="
    },
    "typescript": {
      "version": "3.3.3333",
      "resolved": "https://registry.npmjs.org/typescript/-/typescript-3.3.3333.tgz",
      "integrity": "sha512-JjSKsAfuHBE/fB2oZ8NxtRTk5iGcg6hkYXMnZ3Wc+b2RSqejEqTaem11mHASMnFilHrax3sLK0GDzcJrekZYLw==",
      "dev": true
    },
    "util": {
      "version": "0.10.4",
      "resolved": "https://registry.npmjs.org/util/-/util-0.10.4.tgz",
      "integrity": "sha512-0Pm9hTQ3se5ll1XihRic3FDIku70C+iHUdT/W926rSgHV5QgXsYbKZN8MSC3tJtSkhuROzvsQjAaFENRXr+19A==",
      "requires": {
        "inherits": "2.0.3"
      }
    }
  }
}
